// !$*UTF8*$!
{
	archiveVersion = 1;
	classes = {
	};
	objectVersion = 56;
	objects = {

/* Begin PBXBuildFile section */
		5045341B29B6264300F5D4BF /* LoginViewController.swift in Sources */ = {isa = PBXBuildFile; fileRef = 5045341A29B6264300F5D4BF /* LoginViewController.swift */; };
		5045341D29B6264B00F5D4BF /* RegisterViewController.swift in Sources */ = {isa = PBXBuildFile; fileRef = 5045341C29B6264B00F5D4BF /* RegisterViewController.swift */; };
		5045341F29B6265800F5D4BF /* PhotoViewerViewController.swift in Sources */ = {isa = PBXBuildFile; fileRef = 5045341E29B6265800F5D4BF /* PhotoViewerViewController.swift */; };
		5045342129B6266200F5D4BF /* VideoPlayerViewController.swift in Sources */ = {isa = PBXBuildFile; fileRef = 5045342029B6266200F5D4BF /* VideoPlayerViewController.swift */; };
		5045342329B6266A00F5D4BF /* ProfileViewController.swift in Sources */ = {isa = PBXBuildFile; fileRef = 5045342229B6266A00F5D4BF /* ProfileViewController.swift */; };
		5045342529B6267B00F5D4BF /* NewConversationsViewController.swift in Sources */ = {isa = PBXBuildFile; fileRef = 5045342429B6267B00F5D4BF /* NewConversationsViewController.swift */; };
		50742B3C29B614DE00CA5336 /* AppDelegate.swift in Sources */ = {isa = PBXBuildFile; fileRef = 50742B3B29B614DE00CA5336 /* AppDelegate.swift */; };
		50742B3E29B614DE00CA5336 /* SceneDelegate.swift in Sources */ = {isa = PBXBuildFile; fileRef = 50742B3D29B614DE00CA5336 /* SceneDelegate.swift */; };
		50742B4029B614DE00CA5336 /* ConversationsViewController.swift in Sources */ = {isa = PBXBuildFile; fileRef = 50742B3F29B614DE00CA5336 /* ConversationsViewController.swift */; };
		50742B4329B614DE00CA5336 /* Main.storyboard in Resources */ = {isa = PBXBuildFile; fileRef = 50742B4129B614DE00CA5336 /* Main.storyboard */; };
		50742B4529B614E000CA5336 /* Assets.xcassets in Resources */ = {isa = PBXBuildFile; fileRef = 50742B4429B614E000CA5336 /* Assets.xcassets */; };
		50742B4829B614E000CA5336 /* LaunchScreen.storyboard in Resources */ = {isa = PBXBuildFile; fileRef = 50742B4629B614E000CA5336 /* LaunchScreen.storyboard */; };
/* End PBXBuildFile section */

/* Begin PBXFileReference section */
		5045341A29B6264300F5D4BF /* LoginViewController.swift */ = {isa = PBXFileReference; lastKnownFileType = sourcecode.swift; path = LoginViewController.swift; sourceTree = "<group>"; };
		5045341C29B6264B00F5D4BF /* RegisterViewController.swift */ = {isa = PBXFileReference; lastKnownFileType = sourcecode.swift; path = RegisterViewController.swift; sourceTree = "<group>"; };
		5045341E29B6265800F5D4BF /* PhotoViewerViewController.swift */ = {isa = PBXFileReference; lastKnownFileType = sourcecode.swift; path = PhotoViewerViewController.swift; sourceTree = "<group>"; };
		5045342029B6266200F5D4BF /* VideoPlayerViewController.swift */ = {isa = PBXFileReference; lastKnownFileType = sourcecode.swift; path = VideoPlayerViewController.swift; sourceTree = "<group>"; };
		5045342229B6266A00F5D4BF /* ProfileViewController.swift */ = {isa = PBXFileReference; lastKnownFileType = sourcecode.swift; path = ProfileViewController.swift; sourceTree = "<group>"; };
		5045342429B6267B00F5D4BF /* NewConversationsViewController.swift */ = {isa = PBXFileReference; lastKnownFileType = sourcecode.swift; path = NewConversationsViewController.swift; sourceTree = "<group>"; };
		50742B3829B614DE00CA5336 /* PPChat.app */ = {isa = PBXFileReference; explicitFileType = wrapper.application; includeInIndex = 0; path = PPChat.app; sourceTree = BUILT_PRODUCTS_DIR; };
		50742B3B29B614DE00CA5336 /* AppDelegate.swift */ = {isa = PBXFileReference; lastKnownFileType = sourcecode.swift; path = AppDelegate.swift; sourceTree = "<group>"; };
		50742B3D29B614DE00CA5336 /* SceneDelegate.swift */ = {isa = PBXFileReference; lastKnownFileType = sourcecode.swift; path = SceneDelegate.swift; sourceTree = "<group>"; };
		50742B3F29B614DE00CA5336 /* ConversationsViewController.swift */ = {isa = PBXFileReference; lastKnownFileType = sourcecode.swift; path = ConversationsViewController.swift; sourceTree = "<group>"; };
		50742B4229B614DE00CA5336 /* Base */ = {isa = PBXFileReference; lastKnownFileType = file.storyboard; name = Base; path = Base.lproj/Main.storyboard; sourceTree = "<group>"; };
		50742B4429B614E000CA5336 /* Assets.xcassets */ = {isa = PBXFileReference; lastKnownFileType = folder.assetcatalog; path = Assets.xcassets; sourceTree = "<group>"; };
		50742B4729B614E000CA5336 /* Base */ = {isa = PBXFileReference; lastKnownFileType = file.storyboard; name = Base; path = Base.lproj/LaunchScreen.storyboard; sourceTree = "<group>"; };
		50742B4929B614E000CA5336 /* Info.plist */ = {isa = PBXFileReference; lastKnownFileType = text.plist.xml; path = Info.plist; sourceTree = "<group>"; };
/* End PBXFileReference section */

/* Begin PBXFrameworksBuildPhase section */
		50742B3529B614DE00CA5336 /* Frameworks */ = {
			isa = PBXFrameworksBuildPhase;
			buildActionMask = 2147483647;
			files = (
			);
			runOnlyForDeploymentPostprocessing = 0;
		};
/* End PBXFrameworksBuildPhase section */

/* Begin PBXGroup section */
		5045341329B624CA00F5D4BF /* Resources */ = {
			isa = PBXGroup;
			children = (
				50742B3B29B614DE00CA5336 /* AppDelegate.swift */,
				50742B3D29B614DE00CA5336 /* SceneDelegate.swift */,
			);
			path = Resources;
			sourceTree = "<group>";
		};
		5045341429B624D500F5D4BF /* Controllers */ = {
			isa = PBXGroup;
			children = (
				50742B3F29B614DE00CA5336 /* ConversationsViewController.swift */,
				5045341A29B6264300F5D4BF /* LoginViewController.swift */,
				5045341C29B6264B00F5D4BF /* RegisterViewController.swift */,
				5045341E29B6265800F5D4BF /* PhotoViewerViewController.swift */,
				5045342029B6266200F5D4BF /* VideoPlayerViewController.swift */,
				5045342229B6266A00F5D4BF /* ProfileViewController.swift */,
				5045342429B6267B00F5D4BF /* NewConversationsViewController.swift */,
			);
			path = Controllers;
			sourceTree = "<group>";
		};
		5045341529B624DE00F5D4BF /* Views */ = {
			isa = PBXGroup;
			children = (
				5045341929B6254D00F5D4BF /* Storyboards */,
				50742B4429B614E000CA5336 /* Assets.xcassets */,
			);
			path = Views;
			sourceTree = "<group>";
		};
		5045341629B624E600F5D4BF /* Models */ = {
			isa = PBXGroup;
			children = (
			);
			path = Models;
			sourceTree = "<group>";
		};
		5045341829B624F700F5D4BF /* ViewModels */ = {
			isa = PBXGroup;
			children = (
			);
			path = ViewModels;
			sourceTree = "<group>";
		};
		5045341929B6254D00F5D4BF /* Storyboards */ = {
			isa = PBXGroup;
			children = (
				50742B4629B614E000CA5336 /* LaunchScreen.storyboard */,
				50742B4129B614DE00CA5336 /* Main.storyboard */,
			);
			path = Storyboards;
			sourceTree = "<group>";
		};
		50742B2F29B614DE00CA5336 = {
			isa = PBXGroup;
			children = (
				50742B3A29B614DE00CA5336 /* PPChat */,
				50742B3929B614DE00CA5336 /* Products */,
			);
			sourceTree = "<group>";
		};
		50742B3929B614DE00CA5336 /* Products */ = {
			isa = PBXGroup;
			children = (
				50742B3829B614DE00CA5336 /* PPChat.app */,
			);
			name = Products;
			sourceTree = "<group>";
		};
		50742B3A29B614DE00CA5336 /* PPChat */ = {
			isa = PBXGroup;
			children = (
				5045341829B624F700F5D4BF /* ViewModels */,
				5045341629B624E600F5D4BF /* Models */,
				5045341529B624DE00F5D4BF /* Views */,
				5045341429B624D500F5D4BF /* Controllers */,
				5045341329B624CA00F5D4BF /* Resources */,
				50742B4929B614E000CA5336 /* Info.plist */,
			);
			path = PPChat;
			sourceTree = "<group>";
		};
/* End PBXGroup section */

/* Begin PBXNativeTarget section */
		50742B3729B614DE00CA5336 /* PPChat */ = {
			isa = PBXNativeTarget;
			buildConfigurationList = 50742B4C29B614E000CA5336 /* Build configuration list for PBXNativeTarget "PPChat" */;
			buildPhases = (
				50742B3429B614DE00CA5336 /* Sources */,
				50742B3529B614DE00CA5336 /* Frameworks */,
				50742B3629B614DE00CA5336 /* Resources */,
			);
			buildRules = (
			);
			dependencies = (
			);
			name = PPChat;
			productName = PPChat;
			productReference = 50742B3829B614DE00CA5336 /* PPChat.app */;
			productType = "com.apple.product-type.application";
		};
/* End PBXNativeTarget section */

/* Begin PBXProject section */
		50742B3029B614DE00CA5336 /* Project object */ = {
			isa = PBXProject;
			attributes = {
				BuildIndependentTargetsInParallel = 1;
				LastSwiftUpdateCheck = 1420;
				LastUpgradeCheck = 1420;
				TargetAttributes = {
					50742B3729B614DE00CA5336 = {
						CreatedOnToolsVersion = 14.2;
					};
				};
			};
			buildConfigurationList = 50742B3329B614DE00CA5336 /* Build configuration list for PBXProject "PPChat" */;
			compatibilityVersion = "Xcode 14.0";
			developmentRegion = en;
			hasScannedForEncodings = 0;
			knownRegions = (
				en,
				Base,
			);
			mainGroup = 50742B2F29B614DE00CA5336;
			productRefGroup = 50742B3929B614DE00CA5336 /* Products */;
			projectDirPath = "";
			projectRoot = "";
			targets = (
				50742B3729B614DE00CA5336 /* PPChat */,
			);
		};
/* End PBXProject section */

/* Begin PBXResourcesBuildPhase section */
		50742B3629B614DE00CA5336 /* Resources */ = {
			isa = PBXResourcesBuildPhase;
			buildActionMask = 2147483647;
			files = (
				50742B4829B614E000CA5336 /* LaunchScreen.storyboard in Resources */,
				50742B4529B614E000CA5336 /* Assets.xcassets in Resources */,
				50742B4329B614DE00CA5336 /* Main.storyboard in Resources */,
			);
			runOnlyForDeploymentPostprocessing = 0;
		};
/* End PBXResourcesBuildPhase section */

/* Begin PBXSourcesBuildPhase section */
		50742B3429B614DE00CA5336 /* Sources */ = {
			isa = PBXSourcesBuildPhase;
			buildActionMask = 2147483647;
			files = (
				5045342529B6267B00F5D4BF /* NewConversationsViewController.swift in Sources */,
				5045341B29B6264300F5D4BF /* LoginViewController.swift in Sources */,
				5045341D29B6264B00F5D4BF /* RegisterViewController.swift in Sources */,
				50742B4029B614DE00CA5336 /* ConversationsViewController.swift in Sources */,
				5045342129B6266200F5D4BF /* VideoPlayerViewController.swift in Sources */,
				50742B3C29B614DE00CA5336 /* AppDelegate.swift in Sources */,
				50742B3E29B614DE00CA5336 /* SceneDelegate.swift in Sources */,
				5045342329B6266A00F5D4BF /* ProfileViewController.swift in Sources */,
				5045341F29B6265800F5D4BF /* PhotoViewerViewController.swift in Sources */,
			);
			runOnlyForDeploymentPostprocessing = 0;
		};
/* End PBXSourcesBuildPhase section */

/* Begin PBXVariantGroup section */
		50742B4129B614DE00CA5336 /* Main.storyboard */ = {
			isa = PBXVariantGroup;
			children = (
				50742B4229B614DE00CA5336 /* Base */,
			);
			name = Main.storyboard;
			sourceTree = "<group>";
		};
		50742B4629B614E000CA5336 /* LaunchScreen.storyboard */ = {
			isa = PBXVariantGroup;
			children = (
				50742B4729B614E000CA5336 /* Base */,
			);
			name = LaunchScreen.storyboard;
			sourceTree = "<group>";
		};
/* End PBXVariantGroup section */

/* Begin XCBuildConfiguration section */
		50742B4A29B614E000CA5336 /* Debug */ = {
			isa = XCBuildConfiguration;
			buildSettings = {
				ALWAYS_SEARCH_USER_PATHS = NO;
				CLANG_ANALYZER_NONNULL = YES;
				CLANG_ANALYZER_NUMBER_OBJECT_CONVERSION = YES_AGGRESSIVE;
				CLANG_CXX_LANGUAGE_STANDARD = "gnu++20";
				CLANG_ENABLE_MODULES = YES;
				CLANG_ENABLE_OBJC_ARC = YES;
				CLANG_ENABLE_OBJC_WEAK = YES;
				CLANG_WARN_BLOCK_CAPTURE_AUTORELEASING = YES;
				CLANG_WARN_BOOL_CONVERSION = YES;
				CLANG_WARN_COMMA = YES;
				CLANG_WARN_CONSTANT_CONVERSION = YES;
				CLANG_WARN_DEPRECATED_OBJC_IMPLEMENTATIONS = YES;
				CLANG_WARN_DIRECT_OBJC_ISA_USAGE = YES_ERROR;
				CLANG_WARN_DOCUMENTATION_COMMENTS = YES;
				CLANG_WARN_EMPTY_BODY = YES;
				CLANG_WARN_ENUM_CONVERSION = YES;
				CLANG_WARN_INFINITE_RECURSION = YES;
				CLANG_WARN_INT_CONVERSION = YES;
				CLANG_WARN_NON_LITERAL_NULL_CONVERSION = YES;
				CLANG_WARN_OBJC_IMPLICIT_RETAIN_SELF = YES;
				CLANG_WARN_OBJC_LITERAL_CONVERSION = YES;
				CLANG_WARN_OBJC_ROOT_CLASS = YES_ERROR;
				CLANG_WARN_QUOTED_INCLUDE_IN_FRAMEWORK_HEADER = YES;
				CLANG_WARN_RANGE_LOOP_ANALYSIS = YES;
				CLANG_WARN_STRICT_PROTOTYPES = YES;
				CLANG_WARN_SUSPICIOUS_MOVE = YES;
				CLANG_WARN_UNGUARDED_AVAILABILITY = YES_AGGRESSIVE;
				CLANG_WARN_UNREACHABLE_CODE = YES;
				CLANG_WARN__DUPLICATE_METHOD_MATCH = YES;
				COPY_PHASE_STRIP = NO;
				DEBUG_INFORMATION_FORMAT = dwarf;
				ENABLE_STRICT_OBJC_MSGSEND = YES;
				ENABLE_TESTABILITY = YES;
				GCC_C_LANGUAGE_STANDARD = gnu11;
				GCC_DYNAMIC_NO_PIC = NO;
				GCC_NO_COMMON_BLOCKS = YES;
				GCC_OPTIMIZATION_LEVEL = 0;
				GCC_PREPROCESSOR_DEFINITIONS = (
					"DEBUG=1",
					"$(inherited)",
				);
				GCC_WARN_64_TO_32_BIT_CONVERSION = YES;
				GCC_WARN_ABOUT_RETURN_TYPE = YES_ERROR;
				GCC_WARN_UNDECLARED_SELECTOR = YES;
				GCC_WARN_UNINITIALIZED_AUTOS = YES_AGGRESSIVE;
				GCC_WARN_UNUSED_FUNCTION = YES;
				GCC_WARN_UNUSED_VARIABLE = YES;
				IPHONEOS_DEPLOYMENT_TARGET = 16.2;
				MTL_ENABLE_DEBUG_INFO = INCLUDE_SOURCE;
				MTL_FAST_MATH = YES;
				ONLY_ACTIVE_ARCH = YES;
				SDKROOT = iphoneos;
				SWIFT_ACTIVE_COMPILATION_CONDITIONS = DEBUG;
				SWIFT_OPTIMIZATION_LEVEL = "-Onone";
			};
			name = Debug;
		};
		50742B4B29B614E000CA5336 /* Release */ = {
			isa = XCBuildConfiguration;
			buildSettings = {
				ALWAYS_SEARCH_USER_PATHS = NO;
				CLANG_ANALYZER_NONNULL = YES;
				CLANG_ANALYZER_NUMBER_OBJECT_CONVERSION = YES_AGGRESSIVE;
				CLANG_CXX_LANGUAGE_STANDARD = "gnu++20";
				CLANG_ENABLE_MODULES = YES;
				CLANG_ENABLE_OBJC_ARC = YES;
				CLANG_ENABLE_OBJC_WEAK = YES;
				CLANG_WARN_BLOCK_CAPTURE_AUTORELEASING = YES;
				CLANG_WARN_BOOL_CONVERSION = YES;
				CLANG_WARN_COMMA = YES;
				CLANG_WARN_CONSTANT_CONVERSION = YES;
				CLANG_WARN_DEPRECATED_OBJC_IMPLEMENTATIONS = YES;
				CLANG_WARN_DIRECT_OBJC_ISA_USAGE = YES_ERROR;
				CLANG_WARN_DOCUMENTATION_COMMENTS = YES;
				CLANG_WARN_EMPTY_BODY = YES;
				CLANG_WARN_ENUM_CONVERSION = YES;
				CLANG_WARN_INFINITE_RECURSION = YES;
				CLANG_WARN_INT_CONVERSION = YES;
				CLANG_WARN_NON_LITERAL_NULL_CONVERSION = YES;
				CLANG_WARN_OBJC_IMPLICIT_RETAIN_SELF = YES;
				CLANG_WARN_OBJC_LITERAL_CONVERSION = YES;
				CLANG_WARN_OBJC_ROOT_CLASS = YES_ERROR;
				CLANG_WARN_QUOTED_INCLUDE_IN_FRAMEWORK_HEADER = YES;
				CLANG_WARN_RANGE_LOOP_ANALYSIS = YES;
				CLANG_WARN_STRICT_PROTOTYPES = YES;
				CLANG_WARN_SUSPICIOUS_MOVE = YES;
				CLANG_WARN_UNGUARDED_AVAILABILITY = YES_AGGRESSIVE;
				CLANG_WARN_UNREACHABLE_CODE = YES;
				CLANG_WARN__DUPLICATE_METHOD_MATCH = YES;
				COPY_PHASE_STRIP = NO;
				DEBUG_INFORMATION_FORMAT = "dwarf-with-dsym";
				ENABLE_NS_ASSERTIONS = NO;
				ENABLE_STRICT_OBJC_MSGSEND = YES;
				GCC_C_LANGUAGE_STANDARD = gnu11;
				GCC_NO_COMMON_BLOCKS = YES;
				GCC_WARN_64_TO_32_BIT_CONVERSION = YES;
				GCC_WARN_ABOUT_RETURN_TYPE = YES_ERROR;
				GCC_WARN_UNDECLARED_SELECTOR = YES;
				GCC_WARN_UNINITIALIZED_AUTOS = YES_AGGRESSIVE;
				GCC_WARN_UNUSED_FUNCTION = YES;
				GCC_WARN_UNUSED_VARIABLE = YES;
				IPHONEOS_DEPLOYMENT_TARGET = 16.2;
				MTL_ENABLE_DEBUG_INFO = NO;
				MTL_FAST_MATH = YES;
				SDKROOT = iphoneos;
				SWIFT_COMPILATION_MODE = wholemodule;
				SWIFT_OPTIMIZATION_LEVEL = "-O";
				VALIDATE_PRODUCT = YES;
			};
			name = Release;
		};
		50742B4D29B614E000CA5336 /* Debug */ = {
			isa = XCBuildConfiguration;
			buildSettings = {
				ASSETCATALOG_COMPILER_APPICON_NAME = AppIcon;
				ASSETCATALOG_COMPILER_GLOBAL_ACCENT_COLOR_NAME = AccentColor;
				CODE_SIGN_STYLE = Automatic;
				CURRENT_PROJECT_VERSION = 1;
				DEVELOPMENT_TEAM = 3ZFRWDD28C;
				GENERATE_INFOPLIST_FILE = YES;
				INFOPLIST_FILE = PPChat/Info.plist;
				INFOPLIST_KEY_UIApplicationSupportsIndirectInputEvents = YES;
				INFOPLIST_KEY_UILaunchStoryboardName = LaunchScreen.storyboard;
				INFOPLIST_KEY_UIMainStoryboardFile = Main;
				INFOPLIST_KEY_UISupportedInterfaceOrientations = UIInterfaceOrientationPortrait;
				IPHONEOS_DEPLOYMENT_TARGET = 13.0;
				LD_RUNPATH_SEARCH_PATHS = (
					"$(inherited)",
					"@executable_path/Frameworks",
				);
				MARKETING_VERSION = 1.0;
				PRODUCT_BUNDLE_IDENTIFIER = com.hn.PPChat;
				PRODUCT_NAME = "$(TARGET_NAME)";
				SWIFT_EMIT_LOC_STRINGS = YES;
				SWIFT_VERSION = 5.0;
				TARGETED_DEVICE_FAMILY = "1,2";
			};
			name = Debug;
		};
		50742B4E29B614E000CA5336 /* Release */ = {
			isa = XCBuildConfiguration;
			buildSettings = {
				ASSETCATALOG_COMPILER_APPICON_NAME = AppIcon;
				ASSETCATALOG_COMPILER_GLOBAL_ACCENT_COLOR_NAME = AccentColor;
				CODE_SIGN_STYLE = Automatic;
				CURRENT_PROJECT_VERSION = 1;
				DEVELOPMENT_TEAM = 3ZFRWDD28C;
				GENERATE_INFOPLIST_FILE = YES;
				INFOPLIST_FILE = PPChat/Info.plist;
				INFOPLIST_KEY_UIApplicationSupportsIndirectInputEvents = YES;
				INFOPLIST_KEY_UILaunchStoryboardName = LaunchScreen.storyboard;
				INFOPLIST_KEY_UIMainStoryboardFile = Main;
				INFOPLIST_KEY_UISupportedInterfaceOrientations = UIInterfaceOrientationPortrait;
				IPHONEOS_DEPLOYMENT_TARGET = 13.0;
				LD_RUNPATH_SEARCH_PATHS = (
					"$(inherited)",
					"@executable_path/Frameworks",
				);
				MARKETING_VERSION = 1.0;
				PRODUCT_BUNDLE_IDENTIFIER = com.hn.PPChat;
				PRODUCT_NAME = "$(TARGET_NAME)";
				SWIFT_EMIT_LOC_STRINGS = YES;
				SWIFT_VERSION = 5.0;
				TARGETED_DEVICE_FAMILY = "1,2";
			};
			name = Release;
		};
/* End XCBuildConfiguration section */

/* Begin XCConfigurationList section */
		50742B3329B614DE00CA5336 /* Build configuration list for PBXProject "PPChat" */ = {
			isa = XCConfigurationList;
			buildConfigurations = (
				50742B4A29B614E000CA5336 /* Debug */,
				50742B4B29B614E000CA5336 /* Release */,
			);
			defaultConfigurationIsVisible = 0;
			defaultConfigurationName = Release;
		};
		50742B4C29B614E000CA5336 /* Build configuration list for PBXNativeTarget "PPChat" */ = {
			isa = XCConfigurationList;
			buildConfigurations = (
				50742B4D29B614E000CA5336 /* Debug */,
				50742B4E29B614E000CA5336 /* Release */,
			);
			defaultConfigurationIsVisible = 0;
			defaultConfigurationName = Release;
		};
/* End XCConfigurationList section */
	};
	rootObject = 50742B3029B614DE00CA5336 /* Project object */;
}
